# This file was autogenerated by Stack.
# You should not edit this file by hand.
# For more information, please see the documentation at:
#   https://docs.haskellstack.org/en/stable/lock_files

packages:
- completed:
    hackage: crc16-0.1.0@sha256:da3e4b82e437a054159ecc497372c997f784d77babcee641a5f657f6a0a8eb80,624
    pantry-tree:
      size: 257
      sha256: 2e913535bbaf1061779982787d54c7a8fa37f34ad680bb13aa76e0aa32040112
  original:
    hackage: crc16-0.1.0
snapshots:
- completed:
    size: 498180
    url: https://raw.githubusercontent.com/commercialhaskell/stackage-snapshots/master/lts/13/21.yaml
    sha256: eff2de19a6d4691ccbf6edc1fba858f1918683047dce0f09adede874bbd2a8f3
  original: lts-13.21
